
Microsoft Visual Studio Solution File, Format Version 12.00
# Visual Studio 15
VisualStudioVersion = 15.0.28010.2036
MinimumVisualStudioVersion = 10.0.40219.1
Project("{8BC9CEB8-8B4A-11D0-8D11-00A0C91BC942}") = "MyOFStream", "MyOFStream\MyOFStream.vcxproj", "{75A5F065-6012-4A41-B383-F1AD8AFD8D3A}"
EndProject
Global
	GlobalSection(SolutionConfigurationPlatforms) = preSolution
		Debug|x64 = Debug|x64
		Debug|x86 = Debug|x86
		Release|x64 = Release|x64
		Release|x86 = Release|x86
	EndGlobalSection
	GlobalSection(ProjectConfigurationPlatforms) = postSolution
		{75A5F065-6012-4A41-B383-F1AD8AFD8D3A}.Debug|x64.ActiveCfg = Debug|x64
		{75A5F065-6012-4A41-B383-F1AD8AFD8D3A}.Debug|x64.Build.0 = Debug|x64
		{75A5F065-6012-4A41-B383-F1AD8AFD8D3A}.Debug|x86.ActiveCfg = Debug|Win32
		{75A5F065-6012-4A41-B383-F1AD8AFD8D3A}.Debug|x86.Build.0 = Debug|Win32
		{75A5F065-6012-4A41-B383-F1AD8AFD8D3A}.Release|x64.ActiveCfg = Release|x64
		{75A5F065-6012-4A41-B383-F1AD8AFD8D3A}.Release|x64.Build.0 = Release|x64
		{75A5F065-6012-4A41-B383-F1AD8AFD8D3A}.Release|x86.ActiveCfg = Release|Win32
		{75A5F065-6012-4A41-B383-F1AD8AFD8D3A}.Release|x86.Build.0 = Release|Win32
	EndGlobalSection
	GlobalSection(SolutionProperties) = preSolution
		HideSolutionNode = FALSE
	EndGlobalSection
	GlobalSection(ExtensibilityGlobals) = postSolution
		SolutionGuid = {AE75E7D8-923A-4CA1-9711-5FBC0655AAE6}
	EndGlobalSection
EndGlobal
